
Microsoft Visual Studio Solution File, Format Version 12.00
# Visual Studio Version 17
VisualStudioVersion = 17.5.33424.131
MinimumVisualStudioVersion = 10.0.40219.1
Project("{FAE04EC0-301F-11D3-BF4B-00C04F79EFBC}") = "CursoMvc", "CursoMvc\CursoMvc.csproj", "{45101DA8-67AD-462D-9FE4-F4F37EFDA3FC}"
EndProject
Global
	GlobalSection(SolutionConfigurationPlatforms) = preSolution
		Debug|Any CPU = Debug|Any CPU
		Release|Any CPU = Release|Any CPU
	EndGlobalSection
	GlobalSection(ProjectConfigurationPlatforms) = postSolution
		{45101DA8-67AD-462D-9FE4-F4F37EFDA3FC}.Debug|Any CPU.ActiveCfg = Debug|Any CPU
		{45101DA8-67AD-462D-9FE4-F4F37EFDA3FC}.Debug|Any CPU.Build.0 = Debug|Any CPU
		{45101DA8-67AD-462D-9FE4-F4F37EFDA3FC}.Release|Any CPU.ActiveCfg = Release|Any CPU
		{45101DA8-67AD-462D-9FE4-F4F37EFDA3FC}.Release|Any CPU.Build.0 = Release|Any CPU
	EndGlobalSection
	GlobalSection(SolutionProperties) = preSolution
		HideSolutionNode = FALSE
	EndGlobalSection
	GlobalSection(ExtensibilityGlobals) = postSolution
		SolutionGuid = {44DCB1AA-F16D-425D-B351-83FB539595C6}
	EndGlobalSection
EndGlobal
